
Microsoft Visual Studio Solution File, Format Version 12.00
# Visual Studio Version 16
VisualStudioVersion = 16.0.31402.337
MinimumVisualStudioVersion = 10.0.40219.1
Project("{FAE04EC0-301F-11D3-BF4B-00C04F79EFBC}") = "paint", "paint\paint.csproj", "{370653B2-E9D2-4B56-BDFB-9DDD9663CCA9}"
EndProject
Global
	GlobalSection(SolutionConfigurationPlatforms) = preSolution
		Debug|Any CPU = Debug|Any CPU
		Release|Any CPU = Release|Any CPU
	EndGlobalSection
	GlobalSection(ProjectConfigurationPlatforms) = postSolution
		{370653B2-E9D2-4B56-BDFB-9DDD9663CCA9}.Debug|Any CPU.ActiveCfg = Debug|Any CPU
		{370653B2-E9D2-4B56-BDFB-9DDD9663CCA9}.Debug|Any CPU.Build.0 = Debug|Any CPU
		{370653B2-E9D2-4B56-BDFB-9DDD9663CCA9}.Release|Any CPU.ActiveCfg = Release|Any CPU
		{370653B2-E9D2-4B56-BDFB-9DDD9663CCA9}.Release|Any CPU.Build.0 = Release|Any CPU
	EndGlobalSection
	GlobalSection(SolutionProperties) = preSolution
		HideSolutionNode = FALSE
	EndGlobalSection
	GlobalSection(ExtensibilityGlobals) = postSolution
		SolutionGuid = {0ED140F4-18A4-473C-98B8-1D87C82D5F19}
	EndGlobalSection
EndGlobal
